// !$*UTF8*$!
{
	archiveVersion = 1;
	classes = {
	};
	objectVersion = 50;
	objects = {

/* Begin PBXBuildFile section */
		845D708D237324F400A7FA86 /* PeriodsView.swift in Sources */ = {isa = PBXBuildFile; fileRef = 845D708C237324F400A7FA86 /* PeriodsView.swift */; };
		845D708F237328FB00A7FA86 /* SKBModalController.swift in Sources */ = {isa = PBXBuildFile; fileRef = 845D708E237328FB00A7FA86 /* SKBModalController.swift */; };
		845D709223732A7700A7FA86 /* PeriodsChangeAssembly.swift in Sources */ = {isa = PBXBuildFile; fileRef = 845D709123732A7700A7FA86 /* PeriodsChangeAssembly.swift */; };
		845D709423732A8500A7FA86 /* PeriodsChangeModel.swift in Sources */ = {isa = PBXBuildFile; fileRef = 845D709323732A8500A7FA86 /* PeriodsChangeModel.swift */; };
		845D709623732A9200A7FA86 /* PeriodsChangeView.swift in Sources */ = {isa = PBXBuildFile; fileRef = 845D709523732A9200A7FA86 /* PeriodsChangeView.swift */; };
		845D70992373685400A7FA86 /* BondsCollectionView.swift in Sources */ = {isa = PBXBuildFile; fileRef = 845D70982373685400A7FA86 /* BondsCollectionView.swift */; };
		845D709B237368EC00A7FA86 /* BondsCollectionViewCell.swift in Sources */ = {isa = PBXBuildFile; fileRef = 845D709A237368EB00A7FA86 /* BondsCollectionViewCell.swift */; };
		84F621372371F28A00F09B44 /* AppDelegate.swift in Sources */ = {isa = PBXBuildFile; fileRef = 84F621362371F28A00F09B44 /* AppDelegate.swift */; };
		84F621412371F28C00F09B44 /* Assets.xcassets in Resources */ = {isa = PBXBuildFile; fileRef = 84F621402371F28C00F09B44 /* Assets.xcassets */; };
		84F621442371F28C00F09B44 /* LaunchScreen.storyboard in Resources */ = {isa = PBXBuildFile; fileRef = 84F621422371F28C00F09B44 /* LaunchScreen.storyboard */; };
		84F621532371F75400F09B44 /* ChartAssembly.swift in Sources */ = {isa = PBXBuildFile; fileRef = 84F621522371F75400F09B44 /* ChartAssembly.swift */; };
		84F621552371F77600F09B44 /* ChartModel.swift in Sources */ = {isa = PBXBuildFile; fileRef = 84F621542371F77600F09B44 /* ChartModel.swift */; };
		84F621572371F79E00F09B44 /* ChartViewController.swift in Sources */ = {isa = PBXBuildFile; fileRef = 84F621562371F79E00F09B44 /* ChartViewController.swift */; };
		84F621592371F81800F09B44 /* Dynamic.swift in Sources */ = {isa = PBXBuildFile; fileRef = 84F621582371F81800F09B44 /* Dynamic.swift */; };
		84F621612371FA2D00F09B44 /* Bond.swift in Sources */ = {isa = PBXBuildFile; fileRef = 84F621602371FA2D00F09B44 /* Bond.swift */; };
		84F621652372000400F09B44 /* SnapKit.framework in Frameworks */ = {isa = PBXBuildFile; fileRef = 84F621632372000400F09B44 /* SnapKit.framework */; };
		84F621662372000400F09B44 /* Charts.framework in Frameworks */ = {isa = PBXBuildFile; fileRef = 84F621642372000400F09B44 /* Charts.framework */; };
		84F6216923720A6F00F09B44 /* MockDataSourceService.swift in Sources */ = {isa = PBXBuildFile; fileRef = 84F6216823720A6F00F09B44 /* MockDataSourceService.swift */; };
		84F6216B23720AEC00F09B44 /* bonds.json in Resources */ = {isa = PBXBuildFile; fileRef = 84F6216A23720AEC00F09B44 /* bonds.json */; };
		84F6216D2372AD6200F09B44 /* ReportsView.swift in Sources */ = {isa = PBXBuildFile; fileRef = 84F6216C2372AD6200F09B44 /* ReportsView.swift */; };
		84F6216F2372AF7B00F09B44 /* String + Extension.swift in Sources */ = {isa = PBXBuildFile; fileRef = 84F6216E2372AF7B00F09B44 /* String + Extension.swift */; };
		84F621712372AFE700F09B44 /* Date + Extension.swift in Sources */ = {isa = PBXBuildFile; fileRef = 84F621702372AFE700F09B44 /* Date + Extension.swift */; };
		84F621732372B03500F09B44 /* XYMarkerView.swift in Sources */ = {isa = PBXBuildFile; fileRef = 84F621722372B03500F09B44 /* XYMarkerView.swift */; };
		84F621752372B06E00F09B44 /* BalloonMarker.swift in Sources */ = {isa = PBXBuildFile; fileRef = 84F621742372B06E00F09B44 /* BalloonMarker.swift */; };
		84F621782372BFD100F09B44 /* SKBViewController.swift in Sources */ = {isa = PBXBuildFile; fileRef = 84F621772372BFD100F09B44 /* SKBViewController.swift */; };
		84F6217A2372C01200F09B44 /* GradientView.swift in Sources */ = {isa = PBXBuildFile; fileRef = 84F621792372C01200F09B44 /* GradientView.swift */; };
		84F6217C2372C04800F09B44 /* Constants.swift in Sources */ = {isa = PBXBuildFile; fileRef = 84F6217B2372C04800F09B44 /* Constants.swift */; };
		84F6217E2372C0AC00F09B44 /* UIColor + Extension.swift in Sources */ = {isa = PBXBuildFile; fileRef = 84F6217D2372C0AC00F09B44 /* UIColor + Extension.swift */; };
		84F621802372C41100F09B44 /* ChartTypeSelector.swift in Sources */ = {isa = PBXBuildFile; fileRef = 84F6217F2372C41100F09B44 /* ChartTypeSelector.swift */; };
		84F621832372CE1000F09B44 /* ChartTypesTableView.swift in Sources */ = {isa = PBXBuildFile; fileRef = 84F621822372CE1000F09B44 /* ChartTypesTableView.swift */; };
/* End PBXBuildFile section */

/* Begin PBXFileReference section */
		845D708C237324F400A7FA86 /* PeriodsView.swift */ = {isa = PBXFileReference; lastKnownFileType = sourcecode.swift; path = PeriodsView.swift; sourceTree = "<group>"; };
		845D708E237328FB00A7FA86 /* SKBModalController.swift */ = {isa = PBXFileReference; lastKnownFileType = sourcecode.swift; path = SKBModalController.swift; sourceTree = "<group>"; };
		845D709123732A7700A7FA86 /* PeriodsChangeAssembly.swift */ = {isa = PBXFileReference; lastKnownFileType = sourcecode.swift; path = PeriodsChangeAssembly.swift; sourceTree = "<group>"; };
		845D709323732A8500A7FA86 /* PeriodsChangeModel.swift */ = {isa = PBXFileReference; lastKnownFileType = sourcecode.swift; path = PeriodsChangeModel.swift; sourceTree = "<group>"; };
		845D709523732A9200A7FA86 /* PeriodsChangeView.swift */ = {isa = PBXFileReference; lastKnownFileType = sourcecode.swift; path = PeriodsChangeView.swift; sourceTree = "<group>"; };
		845D70982373685400A7FA86 /* BondsCollectionView.swift */ = {isa = PBXFileReference; lastKnownFileType = sourcecode.swift; path = BondsCollectionView.swift; sourceTree = "<group>"; };
		845D709A237368EB00A7FA86 /* BondsCollectionViewCell.swift */ = {isa = PBXFileReference; lastKnownFileType = sourcecode.swift; path = BondsCollectionViewCell.swift; sourceTree = "<group>"; };
		84F621332371F28A00F09B44 /* SkybondsApp.app */ = {isa = PBXFileReference; explicitFileType = wrapper.application; includeInIndex = 0; path = SkybondsApp.app; sourceTree = BUILT_PRODUCTS_DIR; };
		84F621362371F28A00F09B44 /* AppDelegate.swift */ = {isa = PBXFileReference; lastKnownFileType = sourcecode.swift; path = AppDelegate.swift; sourceTree = "<group>"; };
		84F621402371F28C00F09B44 /* Assets.xcassets */ = {isa = PBXFileReference; lastKnownFileType = folder.assetcatalog; path = Assets.xcassets; sourceTree = "<group>"; };
		84F621432371F28C00F09B44 /* Base */ = {isa = PBXFileReference; lastKnownFileType = file.storyboard; name = Base; path = Base.lproj/LaunchScreen.storyboard; sourceTree = "<group>"; };
		84F621452371F28C00F09B44 /* Info.plist */ = {isa = PBXFileReference; lastKnownFileType = text.plist.xml; path = Info.plist; sourceTree = "<group>"; };
		84F621522371F75400F09B44 /* ChartAssembly.swift */ = {isa = PBXFileReference; lastKnownFileType = sourcecode.swift; path = ChartAssembly.swift; sourceTree = "<group>"; };
		84F621542371F77600F09B44 /* ChartModel.swift */ = {isa = PBXFileReference; lastKnownFileType = sourcecode.swift; path = ChartModel.swift; sourceTree = "<group>"; };
		84F621562371F79E00F09B44 /* ChartViewController.swift */ = {isa = PBXFileReference; lastKnownFileType = sourcecode.swift; path = ChartViewController.swift; sourceTree = "<group>"; };
		84F621582371F81800F09B44 /* Dynamic.swift */ = {isa = PBXFileReference; lastKnownFileType = sourcecode.swift; path = Dynamic.swift; sourceTree = "<group>"; };
		84F621602371FA2D00F09B44 /* Bond.swift */ = {isa = PBXFileReference; lastKnownFileType = sourcecode.swift; path = Bond.swift; sourceTree = "<group>"; };
		84F621632372000400F09B44 /* SnapKit.framework */ = {isa = PBXFileReference; lastKnownFileType = wrapper.framework; name = SnapKit.framework; path = Carthage/Build/iOS/SnapKit.framework; sourceTree = "<group>"; };
		84F621642372000400F09B44 /* Charts.framework */ = {isa = PBXFileReference; lastKnownFileType = wrapper.framework; name = Charts.framework; path = Carthage/Build/iOS/Charts.framework; sourceTree = "<group>"; };
		84F6216823720A6F00F09B44 /* MockDataSourceService.swift */ = {isa = PBXFileReference; lastKnownFileType = sourcecode.swift; path = MockDataSourceService.swift; sourceTree = "<group>"; };
		84F6216A23720AEC00F09B44 /* bonds.json */ = {isa = PBXFileReference; fileEncoding = 4; lastKnownFileType = text.json; path = bonds.json; sourceTree = "<group>"; };
		84F6216C2372AD6200F09B44 /* ReportsView.swift */ = {isa = PBXFileReference; lastKnownFileType = sourcecode.swift; path = ReportsView.swift; sourceTree = "<group>"; };
		84F6216E2372AF7B00F09B44 /* String + Extension.swift */ = {isa = PBXFileReference; lastKnownFileType = sourcecode.swift; path = "String + Extension.swift"; sourceTree = "<group>"; };
		84F621702372AFE700F09B44 /* Date + Extension.swift */ = {isa = PBXFileReference; lastKnownFileType = sourcecode.swift; path = "Date + Extension.swift"; sourceTree = "<group>"; };
		84F621722372B03500F09B44 /* XYMarkerView.swift */ = {isa = PBXFileReference; lastKnownFileType = sourcecode.swift; path = XYMarkerView.swift; sourceTree = "<group>"; };
		84F621742372B06E00F09B44 /* BalloonMarker.swift */ = {isa = PBXFileReference; lastKnownFileType = sourcecode.swift; path = BalloonMarker.swift; sourceTree = "<group>"; };
		84F621772372BFD100F09B44 /* SKBViewController.swift */ = {isa = PBXFileReference; lastKnownFileType = sourcecode.swift; path = SKBViewController.swift; sourceTree = "<group>"; };
		84F621792372C01200F09B44 /* GradientView.swift */ = {isa = PBXFileReference; lastKnownFileType = sourcecode.swift; path = GradientView.swift; sourceTree = "<group>"; };
		84F6217B2372C04800F09B44 /* Constants.swift */ = {isa = PBXFileReference; lastKnownFileType = sourcecode.swift; path = Constants.swift; sourceTree = "<group>"; };
		84F6217D2372C0AC00F09B44 /* UIColor + Extension.swift */ = {isa = PBXFileReference; lastKnownFileType = sourcecode.swift; path = "UIColor + Extension.swift"; sourceTree = "<group>"; };
		84F6217F2372C41100F09B44 /* ChartTypeSelector.swift */ = {isa = PBXFileReference; lastKnownFileType = sourcecode.swift; path = ChartTypeSelector.swift; sourceTree = "<group>"; };
		84F621822372CE1000F09B44 /* ChartTypesTableView.swift */ = {isa = PBXFileReference; lastKnownFileType = sourcecode.swift; path = ChartTypesTableView.swift; sourceTree = "<group>"; };
/* End PBXFileReference section */

/* Begin PBXFrameworksBuildPhase section */
		84F621302371F28A00F09B44 /* Frameworks */ = {
			isa = PBXFrameworksBuildPhase;
			buildActionMask = 2147483647;
			files = (
				84F621652372000400F09B44 /* SnapKit.framework in Frameworks */,
				84F621662372000400F09B44 /* Charts.framework in Frameworks */,
			);
			runOnlyForDeploymentPostprocessing = 0;
		};
/* End PBXFrameworksBuildPhase section */

/* Begin PBXGroup section */
		845D708B237324DB00A7FA86 /* PeriodsView */ = {
			isa = PBXGroup;
			children = (
				845D708C237324F400A7FA86 /* PeriodsView.swift */,
			);
			path = PeriodsView;
			sourceTree = "<group>";
		};
		845D709023732A3800A7FA86 /* PeriodsChangeModule */ = {
			isa = PBXGroup;
			children = (
				845D709123732A7700A7FA86 /* PeriodsChangeAssembly.swift */,
				845D709323732A8500A7FA86 /* PeriodsChangeModel.swift */,
				845D709523732A9200A7FA86 /* PeriodsChangeView.swift */,
			);
			path = PeriodsChangeModule;
			sourceTree = "<group>";
		};
		845D70972373681D00A7FA86 /* BondsCollectionView */ = {
			isa = PBXGroup;
			children = (
				845D70982373685400A7FA86 /* BondsCollectionView.swift */,
				845D709A237368EB00A7FA86 /* BondsCollectionViewCell.swift */,
			);
			path = BondsCollectionView;
			sourceTree = "<group>";
		};
		84F6212A2371F28A00F09B44 = {
			isa = PBXGroup;
			children = (
				84F621352371F28A00F09B44 /* SkybondsApp */,
				84F621342371F28A00F09B44 /* Products */,
				84F621622372000300F09B44 /* Frameworks */,
			);
			sourceTree = "<group>";
		};
		84F621342371F28A00F09B44 /* Products */ = {
			isa = PBXGroup;
			children = (
				84F621332371F28A00F09B44 /* SkybondsApp.app */,
			);
			name = Products;
			sourceTree = "<group>";
		};
		84F621352371F28A00F09B44 /* SkybondsApp */ = {
			isa = PBXGroup;
			children = (
				84F6214B2371F2AB00F09B44 /* Services */,
				84F6214C2371F2BF00F09B44 /* ViewControllers */,
				84F6214D2371F2C900F09B44 /* Helpers */,
				84F6214E2371F2DB00F09B44 /* Environment */,
				84F6214F2371F2E600F09B44 /* Views */,
			);
			path = SkybondsApp;
			sourceTree = "<group>";
		};
		84F6214B2371F2AB00F09B44 /* Services */ = {
			isa = PBXGroup;
			children = (
				84F621502371F5AA00F09B44 /* Models */,
				84F6216823720A6F00F09B44 /* MockDataSourceService.swift */,
			);
			path = Services;
			sourceTree = "<group>";
		};
		84F6214C2371F2BF00F09B44 /* ViewControllers */ = {
			isa = PBXGroup;
			children = (
				84F621512371F73C00F09B44 /* ChartModule */,
				845D709023732A3800A7FA86 /* PeriodsChangeModule */,
			);
			path = ViewControllers;
			sourceTree = "<group>";
		};
		84F6214D2371F2C900F09B44 /* Helpers */ = {
			isa = PBXGroup;
			children = (
				84F6217B2372C04800F09B44 /* Constants.swift */,
				84F621702372AFE700F09B44 /* Date + Extension.swift */,
				84F621582371F81800F09B44 /* Dynamic.swift */,
				84F6216E2372AF7B00F09B44 /* String + Extension.swift */,
				84F621772372BFD100F09B44 /* SKBViewController.swift */,
				845D708E237328FB00A7FA86 /* SKBModalController.swift */,
				84F6217D2372C0AC00F09B44 /* UIColor + Extension.swift */,
			);
			path = Helpers;
			sourceTree = "<group>";
		};
		84F6214E2371F2DB00F09B44 /* Environment */ = {
			isa = PBXGroup;
			children = (
				84F6216A23720AEC00F09B44 /* bonds.json */,
				84F621362371F28A00F09B44 /* AppDelegate.swift */,
				84F621402371F28C00F09B44 /* Assets.xcassets */,
				84F621422371F28C00F09B44 /* LaunchScreen.storyboard */,
				84F621452371F28C00F09B44 /* Info.plist */,
			);
			path = Environment;
			sourceTree = "<group>";
		};
		84F6214F2371F2E600F09B44 /* Views */ = {
			isa = PBXGroup;
			children = (
				84F621792372C01200F09B44 /* GradientView.swift */,
			);
			path = Views;
			sourceTree = "<group>";
		};
		84F621502371F5AA00F09B44 /* Models */ = {
			isa = PBXGroup;
			children = (
				84F621602371FA2D00F09B44 /* Bond.swift */,
			);
			path = Models;
			sourceTree = "<group>";
		};
		84F621512371F73C00F09B44 /* ChartModule */ = {
			isa = PBXGroup;
			children = (
				84F621522371F75400F09B44 /* ChartAssembly.swift */,
				84F621542371F77600F09B44 /* ChartModel.swift */,
				84F621562371F79E00F09B44 /* ChartViewController.swift */,
				84F621812372C86400F09B44 /* ChartTypeSelection */,
				84F621762372B1EC00F09B44 /* ReportsView */,
				845D708B237324DB00A7FA86 /* PeriodsView */,
				845D70972373681D00A7FA86 /* BondsCollectionView */,
			);
			path = ChartModule;
			sourceTree = "<group>";
		};
		84F621622372000300F09B44 /* Frameworks */ = {
			isa = PBXGroup;
			children = (
				84F621642372000400F09B44 /* Charts.framework */,
				84F621632372000400F09B44 /* SnapKit.framework */,
			);
			name = Frameworks;
			sourceTree = "<group>";
		};
		84F621762372B1EC00F09B44 /* ReportsView */ = {
			isa = PBXGroup;
			children = (
				84F6216C2372AD6200F09B44 /* ReportsView.swift */,
				84F621722372B03500F09B44 /* XYMarkerView.swift */,
				84F621742372B06E00F09B44 /* BalloonMarker.swift */,
			);
			path = ReportsView;
			sourceTree = "<group>";
		};
		84F621812372C86400F09B44 /* ChartTypeSelection */ = {
			isa = PBXGroup;
			children = (
				84F6217F2372C41100F09B44 /* ChartTypeSelector.swift */,
				84F621822372CE1000F09B44 /* ChartTypesTableView.swift */,
			);
			path = ChartTypeSelection;
			sourceTree = "<group>";
		};
/* End PBXGroup section */

/* Begin PBXNativeTarget section */
		84F621322371F28A00F09B44 /* SkybondsApp */ = {
			isa = PBXNativeTarget;
			buildConfigurationList = 84F621482371F28C00F09B44 /* Build configuration list for PBXNativeTarget "SkybondsApp" */;
			buildPhases = (
				84F6212F2371F28A00F09B44 /* Sources */,
				84F621302371F28A00F09B44 /* Frameworks */,
				84F621312371F28A00F09B44 /* Resources */,
				84F621672372001700F09B44 /* Carthage */,
			);
			buildRules = (
			);
			dependencies = (
			);
			name = SkybondsApp;
			productName = SkybondsApp;
			productReference = 84F621332371F28A00F09B44 /* SkybondsApp.app */;
			productType = "com.apple.product-type.application";
		};
/* End PBXNativeTarget section */

/* Begin PBXProject section */
		84F6212B2371F28A00F09B44 /* Project object */ = {
			isa = PBXProject;
			attributes = {
				LastSwiftUpdateCheck = 1030;
				LastUpgradeCheck = 1030;
				ORGANIZATIONNAME = "Станислав Шияновский";
				TargetAttributes = {
					84F621322371F28A00F09B44 = {
						CreatedOnToolsVersion = 10.3;
					};
				};
			};
			buildConfigurationList = 84F6212E2371F28A00F09B44 /* Build configuration list for PBXProject "SkybondsApp" */;
			compatibilityVersion = "Xcode 9.3";
			developmentRegion = en;
			hasScannedForEncodings = 0;
			knownRegions = (
				en,
				Base,
			);
			mainGroup = 84F6212A2371F28A00F09B44;
			productRefGroup = 84F621342371F28A00F09B44 /* Products */;
			projectDirPath = "";
			projectRoot = "";
			targets = (
				84F621322371F28A00F09B44 /* SkybondsApp */,
			);
		};
/* End PBXProject section */

/* Begin PBXResourcesBuildPhase section */
		84F621312371F28A00F09B44 /* Resources */ = {
			isa = PBXResourcesBuildPhase;
			buildActionMask = 2147483647;
			files = (
				84F6216B23720AEC00F09B44 /* bonds.json in Resources */,
				84F621442371F28C00F09B44 /* LaunchScreen.storyboard in Resources */,
				84F621412371F28C00F09B44 /* Assets.xcassets in Resources */,
			);
			runOnlyForDeploymentPostprocessing = 0;
		};
/* End PBXResourcesBuildPhase section */

/* Begin PBXShellScriptBuildPhase section */
		84F621672372001700F09B44 /* Carthage */ = {
			isa = PBXShellScriptBuildPhase;
			buildActionMask = 2147483647;
			files = (
			);
			inputFileListPaths = (
			);
			inputPaths = (
				"$(SRCROOT)/Carthage/Build/iOS/SnapKit.framework",
				"$(SRCROOT)/Carthage/Build/iOS/Charts.framework",
			);
			name = Carthage;
			outputFileListPaths = (
			);
			outputPaths = (
			);
			runOnlyForDeploymentPostprocessing = 0;
			shellPath = /bin/sh;
			shellScript = "/usr/local/bin/carthage copy-frameworks\n";
		};
/* End PBXShellScriptBuildPhase section */

/* Begin PBXSourcesBuildPhase section */
		84F6212F2371F28A00F09B44 /* Sources */ = {
			isa = PBXSourcesBuildPhase;
			buildActionMask = 2147483647;
			files = (
				84F6216923720A6F00F09B44 /* MockDataSourceService.swift in Sources */,
				845D70992373685400A7FA86 /* BondsCollectionView.swift in Sources */,
				84F621782372BFD100F09B44 /* SKBViewController.swift in Sources */,
				845D709223732A7700A7FA86 /* PeriodsChangeAssembly.swift in Sources */,
				84F621732372B03500F09B44 /* XYMarkerView.swift in Sources */,
				84F621712372AFE700F09B44 /* Date + Extension.swift in Sources */,
				84F6217A2372C01200F09B44 /* GradientView.swift in Sources */,
				845D708F237328FB00A7FA86 /* SKBModalController.swift in Sources */,
				84F621832372CE1000F09B44 /* ChartTypesTableView.swift in Sources */,
				84F6216F2372AF7B00F09B44 /* String + Extension.swift in Sources */,
				84F621552371F77600F09B44 /* ChartModel.swift in Sources */,
				84F621592371F81800F09B44 /* Dynamic.swift in Sources */,
				845D709B237368EC00A7FA86 /* BondsCollectionViewCell.swift in Sources */,
				84F6217E2372C0AC00F09B44 /* UIColor + Extension.swift in Sources */,
				84F621532371F75400F09B44 /* ChartAssembly.swift in Sources */,
				84F621752372B06E00F09B44 /* BalloonMarker.swift in Sources */,
				84F621612371FA2D00F09B44 /* Bond.swift in Sources */,
				845D709623732A9200A7FA86 /* PeriodsChangeView.swift in Sources */,
				845D709423732A8500A7FA86 /* PeriodsChangeModel.swift in Sources */,
				84F621372371F28A00F09B44 /* AppDelegate.swift in Sources */,
				84F621572371F79E00F09B44 /* ChartViewController.swift in Sources */,
				84F6216D2372AD6200F09B44 /* ReportsView.swift in Sources */,
				84F6217C2372C04800F09B44 /* Constants.swift in Sources */,
				84F621802372C41100F09B44 /* ChartTypeSelector.swift in Sources */,
				845D708D237324F400A7FA86 /* PeriodsView.swift in Sources */,
			);
			runOnlyForDeploymentPostprocessing = 0;
		};
/* End PBXSourcesBuildPhase section */

/* Begin PBXVariantGroup section */
		84F621422371F28C00F09B44 /* LaunchScreen.storyboard */ = {
			isa = PBXVariantGroup;
			children = (
				84F621432371F28C00F09B44 /* Base */,
			);
			name = LaunchScreen.storyboard;
			sourceTree = "<group>";
		};
/* End PBXVariantGroup section */

/* Begin XCBuildConfiguration section */
		84F621462371F28C00F09B44 /* Debug */ = {
			isa = XCBuildConfiguration;
			buildSettings = {
				ALWAYS_SEARCH_USER_PATHS = NO;
				CLANG_ANALYZER_NONNULL = YES;
				CLANG_ANALYZER_NUMBER_OBJECT_CONVERSION = YES_AGGRESSIVE;
				CLANG_CXX_LANGUAGE_STANDARD = "gnu++14";
				CLANG_CXX_LIBRARY = "libc++";
				CLANG_ENABLE_MODULES = YES;
				CLANG_ENABLE_OBJC_ARC = YES;
				CLANG_ENABLE_OBJC_WEAK = YES;
				CLANG_WARN_BLOCK_CAPTURE_AUTORELEASING = YES;
				CLANG_WARN_BOOL_CONVERSION = YES;
				CLANG_WARN_COMMA = YES;
				CLANG_WARN_CONSTANT_CONVERSION = YES;
				CLANG_WARN_DEPRECATED_OBJC_IMPLEMENTATIONS = YES;
				CLANG_WARN_DIRECT_OBJC_ISA_USAGE = YES_ERROR;
				CLANG_WARN_DOCUMENTATION_COMMENTS = YES;
				CLANG_WARN_EMPTY_BODY = YES;
				CLANG_WARN_ENUM_CONVERSION = YES;
				CLANG_WARN_INFINITE_RECURSION = YES;
				CLANG_WARN_INT_CONVERSION = YES;
				CLANG_WARN_NON_LITERAL_NULL_CONVERSION = YES;
				CLANG_WARN_OBJC_IMPLICIT_RETAIN_SELF = YES;
				CLANG_WARN_OBJC_LITERAL_CONVERSION = YES;
				CLANG_WARN_OBJC_ROOT_CLASS = YES_ERROR;
				CLANG_WARN_RANGE_LOOP_ANALYSIS = YES;
				CLANG_WARN_STRICT_PROTOTYPES = YES;
				CLANG_WARN_SUSPICIOUS_MOVE = YES;
				CLANG_WARN_UNGUARDED_AVAILABILITY = YES_AGGRESSIVE;
				CLANG_WARN_UNREACHABLE_CODE = YES;
				CLANG_WARN__DUPLICATE_METHOD_MATCH = YES;
				CODE_SIGN_IDENTITY = "iPhone Developer";
				COPY_PHASE_STRIP = NO;
				DEBUG_INFORMATION_FORMAT = dwarf;
				ENABLE_STRICT_OBJC_MSGSEND = YES;
				ENABLE_TESTABILITY = YES;
				GCC_C_LANGUAGE_STANDARD = gnu11;
				GCC_DYNAMIC_NO_PIC = NO;
				GCC_NO_COMMON_BLOCKS = YES;
				GCC_OPTIMIZATION_LEVEL = 0;
				GCC_PREPROCESSOR_DEFINITIONS = (
					"DEBUG=1",
					"$(inherited)",
				);
				GCC_WARN_64_TO_32_BIT_CONVERSION = YES;
				GCC_WARN_ABOUT_RETURN_TYPE = YES_ERROR;
				GCC_WARN_UNDECLARED_SELECTOR = YES;
				GCC_WARN_UNINITIALIZED_AUTOS = YES_AGGRESSIVE;
				GCC_WARN_UNUSED_FUNCTION = YES;
				GCC_WARN_UNUSED_VARIABLE = YES;
				IPHONEOS_DEPLOYMENT_TARGET = 12.4;
				MTL_ENABLE_DEBUG_INFO = INCLUDE_SOURCE;
				MTL_FAST_MATH = YES;
				ONLY_ACTIVE_ARCH = YES;
				SDKROOT = iphoneos;
				SWIFT_ACTIVE_COMPILATION_CONDITIONS = DEBUG;
				SWIFT_OPTIMIZATION_LEVEL = "-Onone";
			};
			name = Debug;
		};
		84F621472371F28C00F09B44 /* Release */ = {
			isa = XCBuildConfiguration;
			buildSettings = {
				ALWAYS_SEARCH_USER_PATHS = NO;
				CLANG_ANALYZER_NONNULL = YES;
				CLANG_ANALYZER_NUMBER_OBJECT_CONVERSION = YES_AGGRESSIVE;
				CLANG_CXX_LANGUAGE_STANDARD = "gnu++14";
				CLANG_CXX_LIBRARY = "libc++";
				CLANG_ENABLE_MODULES = YES;
				CLANG_ENABLE_OBJC_ARC = YES;
				CLANG_ENABLE_OBJC_WEAK = YES;
				CLANG_WARN_BLOCK_CAPTURE_AUTORELEASING = YES;
				CLANG_WARN_BOOL_CONVERSION = YES;
				CLANG_WARN_COMMA = YES;
				CLANG_WARN_CONSTANT_CONVERSION = YES;
				CLANG_WARN_DEPRECATED_OBJC_IMPLEMENTATIONS = YES;
				CLANG_WARN_DIRECT_OBJC_ISA_USAGE = YES_ERROR;
				CLANG_WARN_DOCUMENTATION_COMMENTS = YES;
				CLANG_WARN_EMPTY_BODY = YES;
				CLANG_WARN_ENUM_CONVERSION = YES;
				CLANG_WARN_INFINITE_RECURSION = YES;
				CLANG_WARN_INT_CONVERSION = YES;
				CLANG_WARN_NON_LITERAL_NULL_CONVERSION = YES;
				CLANG_WARN_OBJC_IMPLICIT_RETAIN_SELF = YES;
				CLANG_WARN_OBJC_LITERAL_CONVERSION = YES;
				CLANG_WARN_OBJC_ROOT_CLASS = YES_ERROR;
				CLANG_WARN_RANGE_LOOP_ANALYSIS = YES;
				CLANG_WARN_STRICT_PROTOTYPES = YES;
				CLANG_WARN_SUSPICIOUS_MOVE = YES;
				CLANG_WARN_UNGUARDED_AVAILABILITY = YES_AGGRESSIVE;
				CLANG_WARN_UNREACHABLE_CODE = YES;
				CLANG_WARN__DUPLICATE_METHOD_MATCH = YES;
				CODE_SIGN_IDENTITY = "iPhone Developer";
				COPY_PHASE_STRIP = NO;
				DEBUG_INFORMATION_FORMAT = "dwarf-with-dsym";
				ENABLE_NS_ASSERTIONS = NO;
				ENABLE_STRICT_OBJC_MSGSEND = YES;
				GCC_C_LANGUAGE_STANDARD = gnu11;
				GCC_NO_COMMON_BLOCKS = YES;
				GCC_WARN_64_TO_32_BIT_CONVERSION = YES;
				GCC_WARN_ABOUT_RETURN_TYPE = YES_ERROR;
				GCC_WARN_UNDECLARED_SELECTOR = YES;
				GCC_WARN_UNINITIALIZED_AUTOS = YES_AGGRESSIVE;
				GCC_WARN_UNUSED_FUNCTION = YES;
				GCC_WARN_UNUSED_VARIABLE = YES;
				IPHONEOS_DEPLOYMENT_TARGET = 12.4;
				MTL_ENABLE_DEBUG_INFO = NO;
				MTL_FAST_MATH = YES;
				SDKROOT = iphoneos;
				SWIFT_COMPILATION_MODE = wholemodule;
				SWIFT_OPTIMIZATION_LEVEL = "-O";
				VALIDATE_PRODUCT = YES;
			};
			name = Release;
		};
		84F621492371F28C00F09B44 /* Debug */ = {
			isa = XCBuildConfiguration;
			buildSettings = {
				ASSETCATALOG_COMPILER_APPICON_NAME = AppIcon;
				CODE_SIGN_STYLE = Automatic;
				DEVELOPMENT_TEAM = 3PTYV272Z4;
				FRAMEWORK_SEARCH_PATHS = (
					"$(inherited)",
					"$(PROJECT_DIR)/Carthage/Build/iOS",
				);
				INFOPLIST_FILE = "$(SRCROOT)/SkybondsApp/Environment/Info.plist";
				LD_RUNPATH_SEARCH_PATHS = (
					"$(inherited)",
					"@executable_path/Frameworks",
				);
				PRODUCT_BUNDLE_IDENTIFIER = ua.kr.ssh.SkybondsApp;
				PRODUCT_NAME = "$(TARGET_NAME)";
				SWIFT_VERSION = 5.0;
				TARGETED_DEVICE_FAMILY = 1;
			};
			name = Debug;
		};
		84F6214A2371F28C00F09B44 /* Release */ = {
			isa = XCBuildConfiguration;
			buildSettings = {
				ASSETCATALOG_COMPILER_APPICON_NAME = AppIcon;
				CODE_SIGN_STYLE = Automatic;
				DEVELOPMENT_TEAM = 3PTYV272Z4;
				FRAMEWORK_SEARCH_PATHS = (
					"$(inherited)",
					"$(PROJECT_DIR)/Carthage/Build/iOS",
				);
				INFOPLIST_FILE = "$(SRCROOT)/SkybondsApp/Environment/Info.plist";
				LD_RUNPATH_SEARCH_PATHS = (
					"$(inherited)",
					"@executable_path/Frameworks",
				);
				PRODUCT_BUNDLE_IDENTIFIER = ua.kr.ssh.SkybondsApp;
				PRODUCT_NAME = "$(TARGET_NAME)";
				SWIFT_VERSION = 5.0;
				TARGETED_DEVICE_FAMILY = 1;
			};
			name = Release;
		};
/* End XCBuildConfiguration section */

/* Begin XCConfigurationList section */
		84F6212E2371F28A00F09B44 /* Build configuration list for PBXProject "SkybondsApp" */ = {
			isa = XCConfigurationList;
			buildConfigurations = (
				84F621462371F28C00F09B44 /* Debug */,
				84F621472371F28C00F09B44 /* Release */,
			);
			defaultConfigurationIsVisible = 0;
			defaultConfigurationName = Release;
		};
		84F621482371F28C00F09B44 /* Build configuration list for PBXNativeTarget "SkybondsApp" */ = {
			isa = XCConfigurationList;
			buildConfigurations = (
				84F621492371F28C00F09B44 /* Debug */,
				84F6214A2371F28C00F09B44 /* Release */,
			);
			defaultConfigurationIsVisible = 0;
			defaultConfigurationName = Release;
		};
/* End XCConfigurationList section */
	};
	rootObject = 84F6212B2371F28A00F09B44 /* Project object */;
}
